{
  "name": "objj-parser-loose",
  "version": "8.3.0",
  "lockfileVersion": 2,
  "requires": true,
  "packages": {
    "": {
      "name": "objj-parser-loose",
      "version": "8.3.0",
      "license": "MIT",
      "dependencies": {
        "objj-parser": "file:../objj-parser"
      },
      "engines": {
        "node": ">=0.4.0"
      }
    },
    "../objj-parser": {
      "version": "8.7.1",
      "license": "MIT",
      "bin": {
        "acorn": "bin/acorn"
      },
      "engines": {
        "node": ">=0.4.0"
      }
    },
    "node_modules/objj-parser": {
      "resolved": "../objj-parser",
      "link": true
    }
  },
  "dependencies": {
    "objj-parser": {
      "version": "file:../objj-parser"
    }
  }
}
