{
  "name": "objj-parser",
  "version": "8.7.1",
  "lockfileVersion": 2,
  "requires": true,
  "packages": {
    "": {
      "name": "objj-parser",
      "version": "8.7.1",
      "license": "MIT",
      "bin": {
        "acorn": "bin/objj-parser"
      },
      "engines": {
        "node": ">=0.4.0"
      }
    }
  }
}
